Microsoft Visual Studio Solution File, Format Version 11.00
# Visual Studio 2008

Project("{3EA524A6-6D15-572E-23C4-8E312B3B728D}") = "projCG---carro", "Assembly-CSharp-firstpass.csproj", "{5D5AAB2A-C10A-A8E1-A7E5-A545F3CFB858}"
EndProject
Project("{3EA524A6-6D15-572E-23C4-8E312B3B728D}") = "projCG---carro", "Assembly-CSharp.csproj", "{109A8CCF-18DB-A7C5-176C-C86075F3B9FD}"
EndProject
Project("{3EA524A6-6D15-572E-23C4-8E312B3B728D}") = "projCG---carro", "Assembly-CSharp-Editor.csproj", "{C5D3ECDA-7054-78B1-CDE6-DB1AC493F02B}"
EndProject
Global
	GlobalSection(SolutionConfigurationPlatforms) = preSolution
		Debug|Any CPU = Debug|Any CPU
		Release|Any CPU = Release|Any CPU
	EndGlobalSection
	GlobalSection(ProjectConfigurationPlatforms) = postSolution
		{5D5AAB2A-C10A-A8E1-A7E5-A545F3CFB858}.Debug|Any CPU.ActiveCfg = Debug|Any CPU
		{5D5AAB2A-C10A-A8E1-A7E5-A545F3CFB858}.Debug|Any CPU.Build.0 = Debug|Any CPU
		{5D5AAB2A-C10A-A8E1-A7E5-A545F3CFB858}.Release|Any CPU.ActiveCfg = Release|Any CPU
		{5D5AAB2A-C10A-A8E1-A7E5-A545F3CFB858}.Release|Any CPU.Build.0 = Release|Any CPU
		{109A8CCF-18DB-A7C5-176C-C86075F3B9FD}.Debug|Any CPU.ActiveCfg = Debug|Any CPU
		{109A8CCF-18DB-A7C5-176C-C86075F3B9FD}.Debug|Any CPU.Build.0 = Debug|Any CPU
		{109A8CCF-18DB-A7C5-176C-C86075F3B9FD}.Release|Any CPU.ActiveCfg = Release|Any CPU
		{109A8CCF-18DB-A7C5-176C-C86075F3B9FD}.Release|Any CPU.Build.0 = Release|Any CPU
		{C5D3ECDA-7054-78B1-CDE6-DB1AC493F02B}.Debug|Any CPU.ActiveCfg = Debug|Any CPU
		{C5D3ECDA-7054-78B1-CDE6-DB1AC493F02B}.Debug|Any CPU.Build.0 = Debug|Any CPU
		{C5D3ECDA-7054-78B1-CDE6-DB1AC493F02B}.Release|Any CPU.ActiveCfg = Release|Any CPU
		{C5D3ECDA-7054-78B1-CDE6-DB1AC493F02B}.Release|Any CPU.Build.0 = Release|Any CPU
	EndGlobalSection
	GlobalSection(SolutionProperties) = preSolution
		HideSolutionNode = FALSE
	EndGlobalSection
	GlobalSection(MonoDevelopProperties) = preSolution
		StartupItem = Assembly-CSharp.csproj
	EndGlobalSection
EndGlobal
